version = 1
revision = 2
requires-python = ">=3.12.10"

[[package]]
name = "sql-builder"
version = "0.1.0"
source = { virtual = "." }
dependencies = [
    { name = "sqlglot" },
]

[package.metadata]
requires-dist = [{ name = "sqlglot", specifier = ">=26.31.0" }]

[[package]]
name = "sqlglot"
version = "26.31.0"
source = { registry = "https://pypi.org/simple" }
sdist = { url = "https://files.pythonhosted.org/packages/98/f2/8e48b1e2853badfc0fadf6532ee0a90c5031a62c3f430412264842b67125/sqlglot-26.31.0.tar.gz", hash = "sha256:e9b8f52d02e21636cd7e463af29db0b86707437b9d468b7b2166b67fa96cdd87", size = 5341968, upload-time = "2025-06-26T16:16:04.48Z" }
wheels = [
    { url = "https://files.pythonhosted.org/packages/e7/df/6c08540d5530f3c50e6f88e6b0da85a239006fc3ca15dfc6ca4c0a72e658/sqlglot-26.31.0-py3-none-any.whl", hash = "sha256:1f0e1071b53faebdfcbfa019a831ce0c2b71e4d825f0f08306c5f20c1aef0898", size = 474253, upload-time = "2025-06-26T16:16:01.947Z" },
]
