{
  "name": "formula_parser",
  "version": "1.0.0",
  "lockfileVersion": 3,
  "requires": true,
  "packages": {
    "": {
      "name": "formula_parser",
      "version": "1.0.0",
      "license": "ISC",
      "dependencies": {
        "excel-formula-ast": "^1.1.1",
        "excel-formula-tokenizer": "^3.0.0"
      }
    },
    "node_modules/excel-formula-ast": {
      "version": "1.1.1",
      "resolved": "https://registry.npmjs.org/excel-formula-ast/-/excel-formula-ast-1.1.1.tgz",
      "integrity": "sha512-DWVBtdSge+m4ickkAgljS/ub+RoPy1kz9XxkWUObEWHYGTge9NdzyUKri8OSZZlS+PoG6RcC7eoaRrwe3gzBUQ==",
      "license": "MIT"
    },
    "node_modules/excel-formula-tokenizer": {
      "version": "3.0.0",
      "resolved": "https://registry.npmjs.org/excel-formula-tokenizer/-/excel-formula-tokenizer-3.0.0.tgz",
      "integrity": "sha512-nAye/kpycUUX4+K5Mgu2J1hJ/gsrqvE7e7QRJkx4pSvvSHt4DWSxtR8T/z8+Q1yzc1Td/mab2TlPsN0c36JwVw==",
      "license": "MIT"
    }
  }
}
